<?xml version="1.0" encoding="UTF-8"?>
<Scheme
   version = "1.3">
   <BuildAction>
      <BuildActionEntries>
         <BuildActionEntry
            buildForRunning = "YES">
            <BuildableReference
               BuildableIdentifier = "primary"
               BlueprintIdentifier = "01F945ED26BFDC39005BC6F9"
               BuildableName = "MediaPickerHelper.app"
               BlueprintName = "MediaPickerHelper"
               ReferencedContainer = "container:MediaPickerHelper.xcodeproj">
            </BuildableReference>
         </BuildActionEntry>
      </BuildActionEntries>
   </BuildAction>
   <LaunchAction
      useCustomWorkingDirectory = "NO"
      buildConfiguration = "Debug"
      allowLocationSimulation = "YES">
      <BuildableProductRunnable>
         <BuildableReference
            BuildableIdentifier = "primary"
            BlueprintIdentifier = "01F945ED26BFDC39005BC6F9"
            BuildableName = "MediaPickerHelper.app"
            BlueprintName = "MediaPickerHelper"
            ReferencedContainer = "container:MediaPickerHelper.xcodeproj">
         </BuildableReference>
      </BuildableProductRunnable>
   </LaunchAction>
</Scheme>
